{
  "name": "OneIdTest",
  "lockfileVersion": 2,
  "requires": true,
  "packages": {
    "": {
      "dependencies": {
        "oneid-sdk": "^1.0.2"
      }
    },
    "node_modules/oneid-sdk": {
      "version": "1.0.2",
      "resolved": "https://registry.npmjs.org/oneid-sdk/-/oneid-sdk-1.0.2.tgz",
      "integrity": "sha512-mYK+9AkKbRDXtrdqhwBbd0IKsM6VCZuQtASeSkWhq/J4bEbgfyIe2qCHSQ2WjuECYPaWs/lQA3LXMEvV1Vko9g=="
    }
  },
  "dependencies": {
    "oneid-sdk": {
      "version": "1.0.2",
      "resolved": "https://registry.npmjs.org/oneid-sdk/-/oneid-sdk-1.0.2.tgz",
      "integrity": "sha512-mYK+9AkKbRDXtrdqhwBbd0IKsM6VCZuQtASeSkWhq/J4bEbgfyIe2qCHSQ2WjuECYPaWs/lQA3LXMEvV1Vko9g=="
    }
  }
}
